
Microsoft Visual Studio Solution File, Format Version 12.00
# Visual Studio Version 16
VisualStudioVersion = 16.0.30002.166
MinimumVisualStudioVersion = 10.0.40219.1
Project("{FAE04EC0-301F-11D3-BF4B-00C04F79EFBC}") = "Dentist Scraper", "AJGA-Data-Pull\Dentist Scraper.csproj", "{2ABA2F06-01EB-4598-B3AA-0BF881E1059F}"
EndProject
Global
	GlobalSection(SolutionConfigurationPlatforms) = preSolution
		Debug|Any CPU = Debug|Any CPU
		Release|Any CPU = Release|Any CPU
	EndGlobalSection
	GlobalSection(ProjectConfigurationPlatforms) = postSolution
		{2ABA2F06-01EB-4598-B3AA-0BF881E1059F}.Debug|Any CPU.ActiveCfg = Debug|Any CPU
		{2ABA2F06-01EB-4598-B3AA-0BF881E1059F}.Debug|Any CPU.Build.0 = Debug|Any CPU
		{2ABA2F06-01EB-4598-B3AA-0BF881E1059F}.Release|Any CPU.ActiveCfg = Release|Any CPU
		{2ABA2F06-01EB-4598-B3AA-0BF881E1059F}.Release|Any CPU.Build.0 = Release|Any CPU
	EndGlobalSection
	GlobalSection(SolutionProperties) = preSolution
		HideSolutionNode = FALSE
	EndGlobalSection
	GlobalSection(ExtensibilityGlobals) = postSolution
		SolutionGuid = {753DCFF7-1E0D-45FD-9EFD-AC8C48CAA254}
	EndGlobalSection
EndGlobal
